
Microsoft Visual Studio Solution File, Format Version 12.00
# Visual Studio Version 17
VisualStudioVersion = 17.14.36518.9
MinimumVisualStudioVersion = 10.0.40219.1
Project("{2150E333-8FDC-42A3-9474-1A3956D46DE8}") = "Task0", "Task0", "{02EA681E-C7D8-13C7-8484-4AC65E1B71E8}"
EndProject
Project("{FAE04EC0-301F-11D3-BF4B-00C04F79EFBC}") = "Tyuiu.IvanovMS.Sprint4.Task0.V11", "Tyuiu.IvanovMS.Sprint4.Task0.V11\Tyuiu.IvanovMS.Sprint4.Task0.V11.csproj", "{6D1FEA0B-641A-4BD1-8FFF-EA75666E451C}"
EndProject
Project("{FAE04EC0-301F-11D3-BF4B-00C04F79EFBC}") = "Tyuiu.IvanovMS.Sprint4.Task0.V11.Lib", "Tyuiu.IvanovMS.Sprint4.Task0.V11.Lib\Tyuiu.IvanovMS.Sprint4.Task0.V11.Lib.csproj", "{E5178DED-BD22-4EDB-B5FB-E1E530F1FE03}"
EndProject
Project("{FAE04EC0-301F-11D3-BF4B-00C04F79EFBC}") = "Tyuiu.IvanovMS.Sprint4.Task0.V11.Test", "Tyuiu.IvanovMS.Sprint4.Task0.V11.Test\Tyuiu.IvanovMS.Sprint4.Task0.V11.Test.csproj", "{C863F16C-FD16-412C-A895-AE820D183530}"
EndProject
Project("{2150E333-8FDC-42A3-9474-1A3956D46DE8}") = "Task1", "Task1", "{C5CE9E04-C744-4F4B-9492-E7C7B517D2CD}"
EndProject
Project("{FAE04EC0-301F-11D3-BF4B-00C04F79EFBC}") = "Tyuiu.IvanovMS.Sprint4.Task1.V9", "Tyuiu.IvanovMS.Sprint4.Task1.V9\Tyuiu.IvanovMS.Sprint4.Task1.V9.csproj", "{86711F59-18F4-4108-AFCF-13D3587210F6}"
EndProject
Project("{FAE04EC0-301F-11D3-BF4B-00C04F79EFBC}") = "Tyuiu.IvanovMS.Sprint4.Task1.V9.Lib", "Tyuiu.IvanovMS.Sprint4.Task1.V9.Lib\Tyuiu.IvanovMS.Sprint4.Task1.V9.Lib.csproj", "{66190951-802C-4DAC-A237-A2EA92B3F2AF}"
EndProject
Project("{FAE04EC0-301F-11D3-BF4B-00C04F79EFBC}") = "Tyuiu.IvanovMS.Sprint4.Task1.V9.Test", "Tyuiu.IvanovMS.Sprint4.Task1.V9.Test\Tyuiu.IvanovMS.Sprint4.Task1.V9.Test.csproj", "{68810A52-422F-4CB0-B18F-1457660BCAF9}"
EndProject
Project("{2150E333-8FDC-42A3-9474-1A3956D46DE8}") = "Task2", "Task2", "{5BA4F0CB-54DA-4772-BE7F-AEB52F7B2CB4}"
EndProject
Project("{FAE04EC0-301F-11D3-BF4B-00C04F79EFBC}") = "Tyuiu.IvanovMS.Sprint4.Task2.V7", "Tyuiu.IvanovMS.Sprint4.Task2.V7\Tyuiu.IvanovMS.Sprint4.Task2.V7.csproj", "{77AAA529-070F-4353-B5AF-CA49E0FFF7D8}"
EndProject
Project("{FAE04EC0-301F-11D3-BF4B-00C04F79EFBC}") = "Tyuiu.IvanovMS.Sprint4.Task2.V7.Lib", "Tyuiu.IvanovMS.Sprint4.Task2.V7.Lib\Tyuiu.IvanovMS.Sprint4.Task2.V7.Lib.csproj", "{BDAE8829-A3C0-42F6-A459-15A2C6B259FE}"
EndProject
Project("{FAE04EC0-301F-11D3-BF4B-00C04F79EFBC}") = "Tyuiu.IvanovMS.Sprint4.Task2.V7.Test", "Tyuiu.IvanovMS.Sprint4.Task2.V7.Test\Tyuiu.IvanovMS.Sprint4.Task2.V7.Test.csproj", "{D0FC8367-8032-4B68-AABA-12C6CE378B82}"
EndProject
Project("{2150E333-8FDC-42A3-9474-1A3956D46DE8}") = "Task3", "Task3", "{EE2D86C5-8221-40F1-B2CF-EB19A6F42AC6}"
EndProject
Project("{FAE04EC0-301F-11D3-BF4B-00C04F79EFBC}") = "Tyuiu.IvanovMS.Sprint4.Task3.V12", "Tyuiu.IvanovMS.Sprint4.Task3.V12\Tyuiu.IvanovMS.Sprint4.Task3.V12.csproj", "{9A2A0278-B236-4CE9-B415-947FDC42FABC}"
EndProject
Project("{FAE04EC0-301F-11D3-BF4B-00C04F79EFBC}") = "Tyuiu.IvanovMS.Sprint4.Task3.V12.Lib", "Tyuiu.IvanovMS.Sprint4.Task3.V12.Lib\Tyuiu.IvanovMS.Sprint4.Task3.V12.Lib.csproj", "{9A4FAFD8-5D6B-4BDF-A69C-3719F551857E}"
EndProject
Project("{FAE04EC0-301F-11D3-BF4B-00C04F79EFBC}") = "Tyuiu.IvanovMS.Sprint4.Task3.V12.Test", "Tyuiu.IvanovMS.Sprint4.Task3.V12.Test\Tyuiu.IvanovMS.Sprint4.Task3.V12.Test.csproj", "{B2011BBE-D327-49A1-991B-A98CB4A97F2A}"
EndProject
Project("{2150E333-8FDC-42A3-9474-1A3956D46DE8}") = "Task4", "Task4", "{8D6A2E3D-A74E-4481-B4B5-4B14D16127DE}"
EndProject
Project("{FAE04EC0-301F-11D3-BF4B-00C04F79EFBC}") = "Tyuiu.IvanovMS.Sprint4.Task4.V15", "Tyuiu.IvanovMS.Sprint4.Task4.V15\Tyuiu.IvanovMS.Sprint4.Task4.V15.csproj", "{0C06835E-C3EB-4685-B017-11E4CA6A4901}"
EndProject
Project("{FAE04EC0-301F-11D3-BF4B-00C04F79EFBC}") = "Tyuiu.IvanovMS.Sprint4.Task4.V15.Lib", "Tyuiu.IvanovMS.Sprint4.Task4.V15.Lib\Tyuiu.IvanovMS.Sprint4.Task4.V15.Lib.csproj", "{3AE051C1-704E-4F07-A0DB-0D5E01F07E73}"
EndProject
Project("{FAE04EC0-301F-11D3-BF4B-00C04F79EFBC}") = "Tyuiu.IvanovMS.Sprint4.Task4.V15.Test", "Tyuiu.IvanovMS.Sprint4.Task4.V15.Test\Tyuiu.IvanovMS.Sprint4.Task4.V15.Test.csproj", "{95B0C038-6FA8-4FE3-A805-A68D4F028F4D}"
EndProject
Project("{2150E333-8FDC-42A3-9474-1A3956D46DE8}") = "Task5", "Task5", "{41157682-5E82-4B1E-AE33-8041C28B5206}"
EndProject
Project("{FAE04EC0-301F-11D3-BF4B-00C04F79EFBC}") = "Tyuiu.IvanovMS.Sprint4.Task5.V21", "Tyuiu.IvanovMS.Sprint4.Task5.V21\Tyuiu.IvanovMS.Sprint4.Task5.V21.csproj", "{C71B49B8-B19E-4497-8FE3-7B4D4F33A237}"
EndProject
Project("{FAE04EC0-301F-11D3-BF4B-00C04F79EFBC}") = "Tyuiu.IvanovMS.Sprint4.Task5.V21.Lib", "Tyuiu.IvanovMS.Sprint4.Task5.V21.Lib\Tyuiu.IvanovMS.Sprint4.Task5.V21.Lib.csproj", "{34EBA4CB-6946-4E7A-A135-3496960928DA}"
EndProject
Project("{FAE04EC0-301F-11D3-BF4B-00C04F79EFBC}") = "Tyuiu.IvanovMS.Sprint4.Task5.V21.Test", "Tyuiu.IvanovMS.Sprint4.Task5.V21.Test\Tyuiu.IvanovMS.Sprint4.Task5.V21.Test.csproj", "{86CDF539-8AD1-4BD8-AAD4-E1370A6F7C7A}"
EndProject
Global
	GlobalSection(SolutionConfigurationPlatforms) = preSolution
		Debug|Any CPU = Debug|Any CPU
		Release|Any CPU = Release|Any CPU
	EndGlobalSection
	GlobalSection(ProjectConfigurationPlatforms) = postSolution
		{6D1FEA0B-641A-4BD1-8FFF-EA75666E451C}.Debug|Any CPU.ActiveCfg = Debug|Any CPU
		{6D1FEA0B-641A-4BD1-8FFF-EA75666E451C}.Debug|Any CPU.Build.0 = Debug|Any CPU
		{6D1FEA0B-641A-4BD1-8FFF-EA75666E451C}.Release|Any CPU.ActiveCfg = Release|Any CPU
		{6D1FEA0B-641A-4BD1-8FFF-EA75666E451C}.Release|Any CPU.Build.0 = Release|Any CPU
		{E5178DED-BD22-4EDB-B5FB-E1E530F1FE03}.Debug|Any CPU.ActiveCfg = Debug|Any CPU
		{E5178DED-BD22-4EDB-B5FB-E1E530F1FE03}.Debug|Any CPU.Build.0 = Debug|Any CPU
		{E5178DED-BD22-4EDB-B5FB-E1E530F1FE03}.Release|Any CPU.ActiveCfg = Release|Any CPU
		{E5178DED-BD22-4EDB-B5FB-E1E530F1FE03}.Release|Any CPU.Build.0 = Release|Any CPU
		{C863F16C-FD16-412C-A895-AE820D183530}.Debug|Any CPU.ActiveCfg = Debug|Any CPU
		{C863F16C-FD16-412C-A895-AE820D183530}.Debug|Any CPU.Build.0 = Debug|Any CPU
		{C863F16C-FD16-412C-A895-AE820D183530}.Release|Any CPU.ActiveCfg = Release|Any CPU
		{C863F16C-FD16-412C-A895-AE820D183530}.Release|Any CPU.Build.0 = Release|Any CPU
		{86711F59-18F4-4108-AFCF-13D3587210F6}.Debug|Any CPU.ActiveCfg = Debug|Any CPU
		{86711F59-18F4-4108-AFCF-13D3587210F6}.Debug|Any CPU.Build.0 = Debug|Any CPU
		{86711F59-18F4-4108-AFCF-13D3587210F6}.Release|Any CPU.ActiveCfg = Release|Any CPU
		{86711F59-18F4-4108-AFCF-13D3587210F6}.Release|Any CPU.Build.0 = Release|Any CPU
		{66190951-802C-4DAC-A237-A2EA92B3F2AF}.Debug|Any CPU.ActiveCfg = Debug|Any CPU
		{66190951-802C-4DAC-A237-A2EA92B3F2AF}.Debug|Any CPU.Build.0 = Debug|Any CPU
		{66190951-802C-4DAC-A237-A2EA92B3F2AF}.Release|Any CPU.ActiveCfg = Release|Any CPU
		{66190951-802C-4DAC-A237-A2EA92B3F2AF}.Release|Any CPU.Build.0 = Release|Any CPU
		{68810A52-422F-4CB0-B18F-1457660BCAF9}.Debug|Any CPU.ActiveCfg = Debug|Any CPU
		{68810A52-422F-4CB0-B18F-1457660BCAF9}.Debug|Any CPU.Build.0 = Debug|Any CPU
		{68810A52-422F-4CB0-B18F-1457660BCAF9}.Release|Any CPU.ActiveCfg = Release|Any CPU
		{68810A52-422F-4CB0-B18F-1457660BCAF9}.Release|Any CPU.Build.0 = Release|Any CPU
		{77AAA529-070F-4353-B5AF-CA49E0FFF7D8}.Debug|Any CPU.ActiveCfg = Debug|Any CPU
		{77AAA529-070F-4353-B5AF-CA49E0FFF7D8}.Debug|Any CPU.Build.0 = Debug|Any CPU
		{77AAA529-070F-4353-B5AF-CA49E0FFF7D8}.Release|Any CPU.ActiveCfg = Release|Any CPU
		{77AAA529-070F-4353-B5AF-CA49E0FFF7D8}.Release|Any CPU.Build.0 = Release|Any CPU
		{BDAE8829-A3C0-42F6-A459-15A2C6B259FE}.Debug|Any CPU.ActiveCfg = Debug|Any CPU
		{BDAE8829-A3C0-42F6-A459-15A2C6B259FE}.Debug|Any CPU.Build.0 = Debug|Any CPU
		{BDAE8829-A3C0-42F6-A459-15A2C6B259FE}.Release|Any CPU.ActiveCfg = Release|Any CPU
		{BDAE8829-A3C0-42F6-A459-15A2C6B259FE}.Release|Any CPU.Build.0 = Release|Any CPU
		{D0FC8367-8032-4B68-AABA-12C6CE378B82}.Debug|Any CPU.ActiveCfg = Debug|Any CPU
		{D0FC8367-8032-4B68-AABA-12C6CE378B82}.Debug|Any CPU.Build.0 = Debug|Any CPU
		{D0FC8367-8032-4B68-AABA-12C6CE378B82}.Release|Any CPU.ActiveCfg = Release|Any CPU
		{D0FC8367-8032-4B68-AABA-12C6CE378B82}.Release|Any CPU.Build.0 = Release|Any CPU
		{9A2A0278-B236-4CE9-B415-947FDC42FABC}.Debug|Any CPU.ActiveCfg = Debug|Any CPU
		{9A2A0278-B236-4CE9-B415-947FDC42FABC}.Debug|Any CPU.Build.0 = Debug|Any CPU
		{9A2A0278-B236-4CE9-B415-947FDC42FABC}.Release|Any CPU.ActiveCfg = Release|Any CPU
		{9A2A0278-B236-4CE9-B415-947FDC42FABC}.Release|Any CPU.Build.0 = Release|Any CPU
		{9A4FAFD8-5D6B-4BDF-A69C-3719F551857E}.Debug|Any CPU.ActiveCfg = Debug|Any CPU
		{9A4FAFD8-5D6B-4BDF-A69C-3719F551857E}.Debug|Any CPU.Build.0 = Debug|Any CPU
		{9A4FAFD8-5D6B-4BDF-A69C-3719F551857E}.Release|Any CPU.ActiveCfg = Release|Any CPU
		{9A4FAFD8-5D6B-4BDF-A69C-3719F551857E}.Release|Any CPU.Build.0 = Release|Any CPU
		{B2011BBE-D327-49A1-991B-A98CB4A97F2A}.Debug|Any CPU.ActiveCfg = Debug|Any CPU
		{B2011BBE-D327-49A1-991B-A98CB4A97F2A}.Debug|Any CPU.Build.0 = Debug|Any CPU
		{B2011BBE-D327-49A1-991B-A98CB4A97F2A}.Release|Any CPU.ActiveCfg = Release|Any CPU
		{B2011BBE-D327-49A1-991B-A98CB4A97F2A}.Release|Any CPU.Build.0 = Release|Any CPU
		{0C06835E-C3EB-4685-B017-11E4CA6A4901}.Debug|Any CPU.ActiveCfg = Debug|Any CPU
		{0C06835E-C3EB-4685-B017-11E4CA6A4901}.Debug|Any CPU.Build.0 = Debug|Any CPU
		{0C06835E-C3EB-4685-B017-11E4CA6A4901}.Release|Any CPU.ActiveCfg = Release|Any CPU
		{0C06835E-C3EB-4685-B017-11E4CA6A4901}.Release|Any CPU.Build.0 = Release|Any CPU
		{3AE051C1-704E-4F07-A0DB-0D5E01F07E73}.Debug|Any CPU.ActiveCfg = Debug|Any CPU
		{3AE051C1-704E-4F07-A0DB-0D5E01F07E73}.Debug|Any CPU.Build.0 = Debug|Any CPU
		{3AE051C1-704E-4F07-A0DB-0D5E01F07E73}.Release|Any CPU.ActiveCfg = Release|Any CPU
		{3AE051C1-704E-4F07-A0DB-0D5E01F07E73}.Release|Any CPU.Build.0 = Release|Any CPU
		{95B0C038-6FA8-4FE3-A805-A68D4F028F4D}.Debug|Any CPU.ActiveCfg = Debug|Any CPU
		{95B0C038-6FA8-4FE3-A805-A68D4F028F4D}.Debug|Any CPU.Build.0 = Debug|Any CPU
		{95B0C038-6FA8-4FE3-A805-A68D4F028F4D}.Release|Any CPU.ActiveCfg = Release|Any CPU
		{95B0C038-6FA8-4FE3-A805-A68D4F028F4D}.Release|Any CPU.Build.0 = Release|Any CPU
		{C71B49B8-B19E-4497-8FE3-7B4D4F33A237}.Debug|Any CPU.ActiveCfg = Debug|Any CPU
		{C71B49B8-B19E-4497-8FE3-7B4D4F33A237}.Debug|Any CPU.Build.0 = Debug|Any CPU
		{C71B49B8-B19E-4497-8FE3-7B4D4F33A237}.Release|Any CPU.ActiveCfg = Release|Any CPU
		{C71B49B8-B19E-4497-8FE3-7B4D4F33A237}.Release|Any CPU.Build.0 = Release|Any CPU
		{34EBA4CB-6946-4E7A-A135-3496960928DA}.Debug|Any CPU.ActiveCfg = Debug|Any CPU
		{34EBA4CB-6946-4E7A-A135-3496960928DA}.Debug|Any CPU.Build.0 = Debug|Any CPU
		{34EBA4CB-6946-4E7A-A135-3496960928DA}.Release|Any CPU.ActiveCfg = Release|Any CPU
		{34EBA4CB-6946-4E7A-A135-3496960928DA}.Release|Any CPU.Build.0 = Release|Any CPU
		{86CDF539-8AD1-4BD8-AAD4-E1370A6F7C7A}.Debug|Any CPU.ActiveCfg = Debug|Any CPU
		{86CDF539-8AD1-4BD8-AAD4-E1370A6F7C7A}.Debug|Any CPU.Build.0 = Debug|Any CPU
		{86CDF539-8AD1-4BD8-AAD4-E1370A6F7C7A}.Release|Any CPU.ActiveCfg = Release|Any CPU
		{86CDF539-8AD1-4BD8-AAD4-E1370A6F7C7A}.Release|Any CPU.Build.0 = Release|Any CPU
	EndGlobalSection
	GlobalSection(SolutionProperties) = preSolution
		HideSolutionNode = FALSE
	EndGlobalSection
	GlobalSection(NestedProjects) = preSolution
		{6D1FEA0B-641A-4BD1-8FFF-EA75666E451C} = {02EA681E-C7D8-13C7-8484-4AC65E1B71E8}
		{E5178DED-BD22-4EDB-B5FB-E1E530F1FE03} = {02EA681E-C7D8-13C7-8484-4AC65E1B71E8}
		{C863F16C-FD16-412C-A895-AE820D183530} = {02EA681E-C7D8-13C7-8484-4AC65E1B71E8}
		{86711F59-18F4-4108-AFCF-13D3587210F6} = {C5CE9E04-C744-4F4B-9492-E7C7B517D2CD}
		{66190951-802C-4DAC-A237-A2EA92B3F2AF} = {C5CE9E04-C744-4F4B-9492-E7C7B517D2CD}
		{68810A52-422F-4CB0-B18F-1457660BCAF9} = {C5CE9E04-C744-4F4B-9492-E7C7B517D2CD}
		{77AAA529-070F-4353-B5AF-CA49E0FFF7D8} = {5BA4F0CB-54DA-4772-BE7F-AEB52F7B2CB4}
		{BDAE8829-A3C0-42F6-A459-15A2C6B259FE} = {5BA4F0CB-54DA-4772-BE7F-AEB52F7B2CB4}
		{D0FC8367-8032-4B68-AABA-12C6CE378B82} = {5BA4F0CB-54DA-4772-BE7F-AEB52F7B2CB4}
		{9A2A0278-B236-4CE9-B415-947FDC42FABC} = {EE2D86C5-8221-40F1-B2CF-EB19A6F42AC6}
		{9A4FAFD8-5D6B-4BDF-A69C-3719F551857E} = {EE2D86C5-8221-40F1-B2CF-EB19A6F42AC6}
		{B2011BBE-D327-49A1-991B-A98CB4A97F2A} = {EE2D86C5-8221-40F1-B2CF-EB19A6F42AC6}
		{0C06835E-C3EB-4685-B017-11E4CA6A4901} = {8D6A2E3D-A74E-4481-B4B5-4B14D16127DE}
		{3AE051C1-704E-4F07-A0DB-0D5E01F07E73} = {8D6A2E3D-A74E-4481-B4B5-4B14D16127DE}
		{95B0C038-6FA8-4FE3-A805-A68D4F028F4D} = {8D6A2E3D-A74E-4481-B4B5-4B14D16127DE}
		{C71B49B8-B19E-4497-8FE3-7B4D4F33A237} = {41157682-5E82-4B1E-AE33-8041C28B5206}
		{34EBA4CB-6946-4E7A-A135-3496960928DA} = {41157682-5E82-4B1E-AE33-8041C28B5206}
		{86CDF539-8AD1-4BD8-AAD4-E1370A6F7C7A} = {41157682-5E82-4B1E-AE33-8041C28B5206}
	EndGlobalSection
	GlobalSection(ExtensibilityGlobals) = postSolution
		SolutionGuid = {E937FC94-54FA-4273-9CDA-B300415605FC}
	EndGlobalSection
EndGlobal
